
Microsoft Visual Studio Solution File, Format Version 12.00
# Visual Studio Version 17
VisualStudioVersion = 17.5.33627.172
MinimumVisualStudioVersion = 10.0.40219.1
Project("{FAE04EC0-301F-11D3-BF4B-00C04F79EFBC}") = "MM.MinimalApi.Package", "MM.MinimalApi.Package\MM.MinimalApi.Package.csproj", "{EA0F95BF-DA54-4458-8E7A-5409B8494C15}"
EndProject
Global
	GlobalSection(SolutionConfigurationPlatforms) = preSolution
		Debug|Any CPU = Debug|Any CPU
		Release|Any CPU = Release|Any CPU
	EndGlobalSection
	GlobalSection(ProjectConfigurationPlatforms) = postSolution
		{EA0F95BF-DA54-4458-8E7A-5409B8494C15}.Debug|Any CPU.ActiveCfg = Debug|Any CPU
		{EA0F95BF-DA54-4458-8E7A-5409B8494C15}.Debug|Any CPU.Build.0 = Debug|Any CPU
		{EA0F95BF-DA54-4458-8E7A-5409B8494C15}.Release|Any CPU.ActiveCfg = Release|Any CPU
		{EA0F95BF-DA54-4458-8E7A-5409B8494C15}.Release|Any CPU.Build.0 = Release|Any CPU
	EndGlobalSection
	GlobalSection(SolutionProperties) = preSolution
		HideSolutionNode = FALSE
	EndGlobalSection
	GlobalSection(ExtensibilityGlobals) = postSolution
		SolutionGuid = {E2FE88E6-CFC3-4B14-AEFC-E65EEF03FE42}
	EndGlobalSection
EndGlobal
